PODS:
  - fast_rsa (0.0.1):
    - Flutter
  - Flutter (1.0.0)

DEPENDENCIES:
  - fast_rsa (from `.symlinks/plugins/fast_rsa/ios`)
  - Flutter (from `Flutter`)

EXTERNAL SOURCES:
  fast_rsa:
    :path: ".symlinks/plugins/fast_rsa/ios"
  Flutter:
    :path: Flutter

SPEC CHECKSUMS:
  fast_rsa: f865d0532664627daea8dbfe195959ef1cd67720
  Flutter: 0e3d915762c693b495b44d77113d4970485de6ec

PODFILE CHECKSUM: 3dbe063e9c90a5d7c9e4e76e70a821b9e2c1d271

COCOAPODS: 1.8.4
